// !$*UTF8*$!
{
	archiveVersion = 1;
	classes = {
	};
	objectVersion = 46;
	objects = {

/* Begin PBXBuildFile section */
		2356DBC91CB391D700B0F7A2 /* AppDelegate.swift in Sources */ = {isa = PBXBuildFile; fileRef = 2356DBC81CB391D700B0F7A2 /* AppDelegate.swift */; };
		2356DBCB1CB391D700B0F7A2 /* ViewController.swift in Sources */ = {isa = PBXBuildFile; fileRef = 2356DBCA1CB391D700B0F7A2 /* ViewController.swift */; };
		2356DBCE1CB391D700B0F7A2 /* Main.storyboard in Resources */ = {isa = PBXBuildFile; fileRef = 2356DBCC1CB391D700B0F7A2 /* Main.storyboard */; };
		2356DBD01CB391D700B0F7A2 /* Assets.xcassets in Resources */ = {isa = PBXBuildFile; fileRef = 2356DBCF1CB391D700B0F7A2 /* Assets.xcassets */; };
		2356DBD31CB391D700B0F7A2 /* LaunchScreen.storyboard in Resources */ = {isa = PBXBuildFile; fileRef = 2356DBD11CB391D700B0F7A2 /* LaunchScreen.storyboard */; };
/* End PBXBuildFile section */

/* Begin PBXFileReference section */
		2356DBC51CB391D700B0F7A2 /* TextViewSearch.app */ = {isa = PBXFileReference; explicitFileType = wrapper.application; includeInIndex = 0; path = TextViewSearch.app; sourceTree = BUILT_PRODUCTS_DIR; };
		2356DBC81CB391D700B0F7A2 /* AppDelegate.swift */ = {isa = PBXFileReference; lastKnownFileType = sourcecode.swift; path = AppDelegate.swift; sourceTree = "<group>"; };
		2356DBCA1CB391D700B0F7A2 /* ViewController.swift */ = {isa = PBXFileReference; lastKnownFileType = sourcecode.swift; path = ViewController.swift; sourceTree = "<group>"; };
		2356DBCD1CB391D700B0F7A2 /* Base */ = {isa = PBXFileReference; lastKnownFileType = file.storyboard; name = Base; path = Base.lproj/Main.storyboard; sourceTree = "<group>"; };
		2356DBCF1CB391D700B0F7A2 /* Assets.xcassets */ = {isa = PBXFileReference; lastKnownFileType = folder.assetcatalog; path = Assets.xcassets; sourceTree = "<group>"; };
		2356DBD21CB391D700B0F7A2 /* Base */ = {isa = PBXFileReference; lastKnownFileType = file.storyboard; name = Base; path = Base.lproj/LaunchScreen.storyboard; sourceTree = "<group>"; };
		2356DBD41CB391D700B0F7A2 /* Info.plist */ = {isa = PBXFileReference; lastKnownFileType = text.plist.xml; path = Info.plist; sourceTree = "<group>"; };
/* End PBXFileReference section */

/* Begin PBXFrameworksBuildPhase section */
		2356DBC21CB391D700B0F7A2 /* Frameworks */ = {
			isa = PBXFrameworksBuildPhase;
			buildActionMask = 2147483647;
			files = (
			);
			runOnlyForDeploymentPostprocessing = 0;
		};
/* End PBXFrameworksBuildPhase section */

/* Begin PBXGroup section */
		2356DBBC1CB391D700B0F7A2 = {
			isa = PBXGroup;
			children = (
				2356DBC71CB391D700B0F7A2 /* TextViewSearch */,
				2356DBC61CB391D700B0F7A2 /* Products */,
			);
			sourceTree = "<group>";
		};
		2356DBC61CB391D700B0F7A2 /* Products */ = {
			isa = PBXGroup;
			children = (
				2356DBC51CB391D700B0F7A2 /* TextViewSearch.app */,
			);
			name = Products;
			sourceTree = "<group>";
		};
		2356DBC71CB391D700B0F7A2 /* TextViewSearch */ = {
			isa = PBXGroup;
			children = (
				2356DBC81CB391D700B0F7A2 /* AppDelegate.swift */,
				2356DBCA1CB391D700B0F7A2 /* ViewController.swift */,
				2356DBCC1CB391D700B0F7A2 /* Main.storyboard */,
				2356DBCF1CB391D700B0F7A2 /* Assets.xcassets */,
				2356DBD11CB391D700B0F7A2 /* LaunchScreen.storyboard */,
				2356DBD41CB391D700B0F7A2 /* Info.plist */,
			);
			path = TextViewSearch;
			sourceTree = "<group>";
		};
/* End PBXGroup section */

/* Begin PBXNativeTarget section */
		2356DBC41CB391D700B0F7A2 /* TextViewSearch */ = {
			isa = PBXNativeTarget;
			buildConfigurationList = 2356DBD71CB391D700B0F7A2 /* Build configuration list for PBXNativeTarget "TextViewSearch" */;
			buildPhases = (
				2356DBC11CB391D700B0F7A2 /* Sources */,
				2356DBC21CB391D700B0F7A2 /* Frameworks */,
				2356DBC31CB391D700B0F7A2 /* Resources */,
			);
			buildRules = (
			);
			dependencies = (
			);
			name = TextViewSearch;
			productName = TextViewSearch;
			productReference = 2356DBC51CB391D700B0F7A2 /* TextViewSearch.app */;
			productType = "com.apple.product-type.application";
		};
/* End PBXNativeTarget section */

/* Begin PBXProject section */
		2356DBBD1CB391D700B0F7A2 /* Project object */ = {
			isa = PBXProject;
			attributes = {
				LastSwiftUpdateCheck = 0730;
				LastUpgradeCheck = 0730;
				ORGANIZATIONNAME = "nerdish by nature";
				TargetAttributes = {
					2356DBC41CB391D700B0F7A2 = {
						CreatedOnToolsVersion = 7.3;
					};
				};
			};
			buildConfigurationList = 2356DBC01CB391D700B0F7A2 /* Build configuration list for PBXProject "TextViewSearch" */;
			compatibilityVersion = "Xcode 3.2";
			developmentRegion = English;
			hasScannedForEncodings = 0;
			knownRegions = (
				en,
				Base,
			);
			mainGroup = 2356DBBC1CB391D700B0F7A2;
			productRefGroup = 2356DBC61CB391D700B0F7A2 /* Products */;
			projectDirPath = "";
			projectRoot = "";
			targets = (
				2356DBC41CB391D700B0F7A2 /* TextViewSearch */,
			);
		};
/* End PBXProject section */

/* Begin PBXResourcesBuildPhase section */
		2356DBC31CB391D700B0F7A2 /* Resources */ = {
			isa = PBXResourcesBuildPhase;
			buildActionMask = 2147483647;
			files = (
				2356DBD31CB391D700B0F7A2 /* LaunchScreen.storyboard in Resources */,
				2356DBD01CB391D700B0F7A2 /* Assets.xcassets in Resources */,
				2356DBCE1CB391D700B0F7A2 /* Main.storyboard in Resources */,
			);
			runOnlyForDeploymentPostprocessing = 0;
		};
/* End PBXResourcesBuildPhase section */

/* Begin PBXSourcesBuildPhase section */
		2356DBC11CB391D700B0F7A2 /* Sources */ = {
			isa = PBXSourcesBuildPhase;
			buildActionMask = 2147483647;
			files = (
				2356DBCB1CB391D700B0F7A2 /* ViewController.swift in Sources */,
				2356DBC91CB391D700B0F7A2 /* AppDelegate.swift in Sources */,
			);
			runOnlyForDeploymentPostprocessing = 0;
		};
/* End PBXSourcesBuildPhase section */

/* Begin PBXVariantGroup section */
		2356DBCC1CB391D700B0F7A2 /* Main.storyboard */ = {
			isa = PBXVariantGroup;
			children = (
				2356DBCD1CB391D700B0F7A2 /* Base */,
			);
			name = Main.storyboard;
			sourceTree = "<group>";
		};
		2356DBD11CB391D700B0F7A2 /* LaunchScreen.storyboard */ = {
			isa = PBXVariantGroup;
			children = (
				2356DBD21CB391D700B0F7A2 /* Base */,
			);
			name = LaunchScreen.storyboard;
			sourceTree = "<group>";
		};
/* End PBXVariantGroup section */

/* Begin XCBuildConfiguration section */
		2356DBD51CB391D700B0F7A2 /* Debug */ = {
			isa = XCBuildConfiguration;
			buildSettings = {
				ALWAYS_SEARCH_USER_PATHS = NO;
				CLANG_ANALYZER_NONNULL = YES;
				CLANG_CXX_LANGUAGE_STANDARD = "gnu++0x";
				CLANG_CXX_LIBRARY = "libc++";
				CLANG_ENABLE_MODULES = YES;
				CLANG_ENABLE_OBJC_ARC = YES;
				CLANG_WARN_BOOL_CONVERSION = YES;
				CLANG_WARN_CONSTANT_CONVERSION = YES;
				CLANG_WARN_DIRECT_OBJC_ISA_USAGE = YES_ERROR;
				CLANG_WARN_EMPTY_BODY = YES;
				CLANG_WARN_ENUM_CONVERSION = YES;
				CLANG_WARN_INT_CONVERSION = YES;
				CLANG_WARN_OBJC_ROOT_CLASS = YES_ERROR;
				CLANG_WARN_UNREACHABLE_CODE = YES;
				CLANG_WARN__DUPLICATE_METHOD_MATCH = YES;
				"CODE_SIGN_IDENTITY[sdk=iphoneos*]" = "iPhone Developer";
				COPY_PHASE_STRIP = NO;
				DEBUG_INFORMATION_FORMAT = dwarf;
				ENABLE_STRICT_OBJC_MSGSEND = YES;
				ENABLE_TESTABILITY = YES;
				GCC_C_LANGUAGE_STANDARD = gnu99;
				GCC_DYNAMIC_NO_PIC = NO;
				GCC_NO_COMMON_BLOCKS = YES;
				GCC_OPTIMIZATION_LEVEL = 0;
				GCC_PREPROCESSOR_DEFINITIONS = (
					"DEBUG=1",
					"$(inherited)",
				);
				GCC_WARN_64_TO_32_BIT_CONVERSION = YES;
				GCC_WARN_ABOUT_RETURN_TYPE = YES_ERROR;
				GCC_WARN_UNDECLARED_SELECTOR = YES;
				GCC_WARN_UNINITIALIZED_AUTOS = YES_AGGRESSIVE;
				GCC_WARN_UNUSED_FUNCTION = YES;
				GCC_WARN_UNUSED_VARIABLE = YES;
				IPHONEOS_DEPLOYMENT_TARGET = 9.3;
				MTL_ENABLE_DEBUG_INFO = YES;
				ONLY_ACTIVE_ARCH = YES;
				SDKROOT = iphoneos;
				SWIFT_OPTIMIZATION_LEVEL = "-Onone";
			};
			name = Debug;
		};
		2356DBD61CB391D700B0F7A2 /* Release */ = {
			isa = XCBuildConfiguration;
			buildSettings = {
				ALWAYS_SEARCH_USER_PATHS = NO;
				CLANG_ANALYZER_NONNULL = YES;
				CLANG_CXX_LANGUAGE_STANDARD = "gnu++0x";
				CLANG_CXX_LIBRARY = "libc++";
				CLANG_ENABLE_MODULES = YES;
				CLANG_ENABLE_OBJC_ARC = YES;
				CLANG_WARN_BOOL_CONVERSION = YES;
				CLANG_WARN_CONSTANT_CONVERSION = YES;
				CLANG_WARN_DIRECT_OBJC_ISA_USAGE = YES_ERROR;
				CLANG_WARN_EMPTY_BODY = YES;
				CLANG_WARN_ENUM_CONVERSION = YES;
				CLANG_WARN_INT_CONVERSION = YES;
				CLANG_WARN_OBJC_ROOT_CLASS = YES_ERROR;
				CLANG_WARN_UNREACHABLE_CODE = YES;
				CLANG_WARN__DUPLICATE_METHOD_MATCH = YES;
				"CODE_SIGN_IDENTITY[sdk=iphoneos*]" = "iPhone Developer";
				COPY_PHASE_STRIP = NO;
				DEBUG_INFORMATION_FORMAT = "dwarf-with-dsym";
				ENABLE_NS_ASSERTIONS = NO;
				ENABLE_STRICT_OBJC_MSGSEND = YES;
				GCC_C_LANGUAGE_STANDARD = gnu99;
				GCC_NO_COMMON_BLOCKS = YES;
				GCC_WARN_64_TO_32_BIT_CONVERSION = YES;
				GCC_WARN_ABOUT_RETURN_TYPE = YES_ERROR;
				GCC_WARN_UNDECLARED_SELECTOR = YES;
				GCC_WARN_UNINITIALIZED_AUTOS = YES_AGGRESSIVE;
				GCC_WARN_UNUSED_FUNCTION = YES;
				GCC_WARN_UNUSED_VARIABLE = YES;
				IPHONEOS_DEPLOYMENT_TARGET = 9.3;
				MTL_ENABLE_DEBUG_INFO = NO;
				SDKROOT = iphoneos;
				VALIDATE_PRODUCT = YES;
			};
			name = Release;
		};
		2356DBD81CB391D700B0F7A2 /* Debug */ = {
			isa = XCBuildConfiguration;
			buildSettings = {
				ASSETCATALOG_COMPILER_APPICON_NAME = AppIcon;
				INFOPLIST_FILE = TextViewSearch/Info.plist;
				LD_RUNPATH_SEARCH_PATHS = "$(inherited) @executable_path/Frameworks";
				PRODUCT_BUNDLE_IDENTIFIER = com.nerdishbynature.TextViewSearch;
				PRODUCT_NAME = "$(TARGET_NAME)";
			};
			name = Debug;
		};
		2356DBD91CB391D700B0F7A2 /* Release */ = {
			isa = XCBuildConfiguration;
			buildSettings = {
				ASSETCATALOG_COMPILER_APPICON_NAME = AppIcon;
				INFOPLIST_FILE = TextViewSearch/Info.plist;
				LD_RUNPATH_SEARCH_PATHS = "$(inherited) @executable_path/Frameworks";
				PRODUCT_BUNDLE_IDENTIFIER = com.nerdishbynature.TextViewSearch;
				PRODUCT_NAME = "$(TARGET_NAME)";
			};
			name = Release;
		};
/* End XCBuildConfiguration section */

/* Begin XCConfigurationList section */
		2356DBC01CB391D700B0F7A2 /* Build configuration list for PBXProject "TextViewSearch" */ = {
			isa = XCConfigurationList;
			buildConfigurations = (
				2356DBD51CB391D700B0F7A2 /* Debug */,
				2356DBD61CB391D700B0F7A2 /* Release */,
			);
			defaultConfigurationIsVisible = 0;
			defaultConfigurationName = Release;
		};
		2356DBD71CB391D700B0F7A2 /* Build configuration list for PBXNativeTarget "TextViewSearch" */ = {
			isa = XCConfigurationList;
			buildConfigurations = (
				2356DBD81CB391D700B0F7A2 /* Debug */,
				2356DBD91CB391D700B0F7A2 /* Release */,
			);
			defaultConfigurationIsVisible = 0;
		};
/* End XCConfigurationList section */
	};
	rootObject = 2356DBBD1CB391D700B0F7A2 /* Project object */;
}
